// !$*UTF8*$!
{
	archiveVersion = 1;
	classes = {
	};
	objectVersion = 46;
	objects = {

/* Begin PBXBuildFile section */
		D9F5700DFAD24C2EAD12061F /* libPods.a in Frameworks */ = {isa = PBXBuildFile; fileRef = 9DD16CD5040F46BAAA4FD871 /* libPods.a */; };
		E6AD51E417D39B630041C981 /* Foundation.framework in Frameworks */ = {isa = PBXBuildFile; fileRef = E6AD51E317D39B630041C981 /* Foundation.framework */; };
		E6AD51E617D39B630041C981 /* CoreGraphics.framework in Frameworks */ = {isa = PBXBuildFile; fileRef = E6AD51E517D39B630041C981 /* CoreGraphics.framework */; };
		E6AD51E817D39B630041C981 /* UIKit.framework in Frameworks */ = {isa = PBXBuildFile; fileRef = E6AD51E717D39B630041C981 /* UIKit.framework */; };
		E6AD51EE17D39B630041C981 /* InfoPlist.strings in Resources */ = {isa = PBXBuildFile; fileRef = E6AD51EC17D39B630041C981 /* InfoPlist.strings */; };
		E6AD51F017D39B630041C981 /* main.m in Sources */ = {isa = PBXBuildFile; fileRef = E6AD51EF17D39B630041C981 /* main.m */; };
		E6AD51F417D39B630041C981 /* UAAppDelegate.m in Sources */ = {isa = PBXBuildFile; fileRef = E6AD51F317D39B630041C981 /* UAAppDelegate.m */; };
		E6AD51F717D39B630041C981 /* Main_iPhone.storyboard in Resources */ = {isa = PBXBuildFile; fileRef = E6AD51F517D39B630041C981 /* Main_iPhone.storyboard */; };
		E6AD51FD17D39B630041C981 /* UAViewController.m in Sources */ = {isa = PBXBuildFile; fileRef = E6AD51FC17D39B630041C981 /* UAViewController.m */; };
		E6AD51FF17D39B630041C981 /* Images.xcassets in Resources */ = {isa = PBXBuildFile; fileRef = E6AD51FE17D39B630041C981 /* Images.xcassets */; };
		E6AD520617D39B630041C981 /* XCTest.framework in Frameworks */ = {isa = PBXBuildFile; fileRef = E6AD520517D39B630041C981 /* XCTest.framework */; };
		E6AD520717D39B630041C981 /* Foundation.framework in Frameworks */ = {isa = PBXBuildFile; fileRef = E6AD51E317D39B630041C981 /* Foundation.framework */; };
		E6AD520817D39B630041C981 /* UIKit.framework in Frameworks */ = {isa = PBXBuildFile; fileRef = E6AD51E717D39B630041C981 /* UIKit.framework */; };
		E6AD521017D39B630041C981 /* InfoPlist.strings in Resources */ = {isa = PBXBuildFile; fileRef = E6AD520E17D39B630041C981 /* InfoPlist.strings */; };
		E6AD521217D39B630041C981 /* UALoggerExampleTests.m in Sources */ = {isa = PBXBuildFile; fileRef = E6AD521117D39B630041C981 /* UALoggerExampleTests.m */; };
/* End PBXBuildFile section */

/* Begin PBXContainerItemProxy section */
		E6AD520917D39B630041C981 /* PBXContainerItemProxy */ = {
			isa = PBXContainerItemProxy;
			containerPortal = E6AD51D817D39B630041C981 /* Project object */;
			proxyType = 1;
			remoteGlobalIDString = E6AD51DF17D39B630041C981;
			remoteInfo = UALoggerExample;
		};
/* End PBXContainerItemProxy section */

/* Begin PBXFileReference section */
		522EB008986A4B4182DEC89E /* Pods.xcconfig */ = {isa = PBXFileReference; includeInIndex = 1; lastKnownFileType = text.xcconfig; name = Pods.xcconfig; path = Pods/Pods.xcconfig; sourceTree = SOURCE_ROOT; };
		9DD16CD5040F46BAAA4FD871 /* libPods.a */ = {isa = PBXFileReference; explicitFileType = archive.ar; includeInIndex = 0; path = libPods.a; sourceTree = BUILT_PRODUCTS_DIR; };
		E69A694E17D4BBA700C3EDBC /* en */ = {isa = PBXFileReference; lastKnownFileType = file.storyboard; name = en; path = en.lproj/Main_iPhone.storyboard; sourceTree = "<group>"; };
		E6AD51E017D39B630041C981 /* UALoggerExample.app */ = {isa = PBXFileReference; explicitFileType = wrapper.application; includeInIndex = 0; path = UALoggerExample.app; sourceTree = BUILT_PRODUCTS_DIR; };
		E6AD51E317D39B630041C981 /* Foundation.framework */ = {isa = PBXFileReference; lastKnownFileType = wrapper.framework; name = Foundation.framework; path = System/Library/Frameworks/Foundation.framework; sourceTree = SDKROOT; };
		E6AD51E517D39B630041C981 /* CoreGraphics.framework */ = {isa = PBXFileReference; lastKnownFileType = wrapper.framework; name = CoreGraphics.framework; path = System/Library/Frameworks/CoreGraphics.framework; sourceTree = SDKROOT; };
		E6AD51E717D39B630041C981 /* UIKit.framework */ = {isa = PBXFileReference; lastKnownFileType = wrapper.framework; name = UIKit.framework; path = System/Library/Frameworks/UIKit.framework; sourceTree = SDKROOT; };
		E6AD51EB17D39B630041C981 /* UALoggerExample-Info.plist */ = {isa = PBXFileReference; lastKnownFileType = text.plist.xml; path = "UALoggerExample-Info.plist"; sourceTree = "<group>"; };
		E6AD51ED17D39B630041C981 /* en */ = {isa = PBXFileReference; lastKnownFileType = text.plist.strings; name = en; path = en.lproj/InfoPlist.strings; sourceTree = "<group>"; };
		E6AD51EF17D39B630041C981 /* main.m */ = {isa = PBXFileReference; lastKnownFileType = sourcecode.c.objc; path = main.m; sourceTree = "<group>"; };
		E6AD51F117D39B630041C981 /* UALoggerExample-Prefix.pch */ = {isa = PBXFileReference; lastKnownFileType = sourcecode.c.h; path = "UALoggerExample-Prefix.pch"; sourceTree = "<group>"; };
		E6AD51F217D39B630041C981 /* UAAppDelegate.h */ = {isa = PBXFileReference; lastKnownFileType = sourcecode.c.h; path = UAAppDelegate.h; sourceTree = "<group>"; };
		E6AD51F317D39B630041C981 /* UAAppDelegate.m */ = {isa = PBXFileReference; lastKnownFileType = sourcecode.c.objc; path = UAAppDelegate.m; sourceTree = "<group>"; };
		E6AD51FB17D39B630041C981 /* UAViewController.h */ = {isa = PBXFileReference; lastKnownFileType = sourcecode.c.h; path = UAViewController.h; sourceTree = "<group>"; };
		E6AD51FC17D39B630041C981 /* UAViewController.m */ = {isa = PBXFileReference; lastKnownFileType = sourcecode.c.objc; path = UAViewController.m; sourceTree = "<group>"; };
		E6AD51FE17D39B630041C981 /* Images.xcassets */ = {isa = PBXFileReference; lastKnownFileType = folder.assetcatalog; path = Images.xcassets; sourceTree = "<group>"; };
		E6AD520417D39B630041C981 /* UALoggerExampleTests.xctest */ = {isa = PBXFileReference; explicitFileType = wrapper.cfbundle; includeInIndex = 0; path = UALoggerExampleTests.xctest; sourceTree = BUILT_PRODUCTS_DIR; };
		E6AD520517D39B630041C981 /* XCTest.framework */ = {isa = PBXFileReference; lastKnownFileType = wrapper.framework; name = XCTest.framework; path = Library/Frameworks/XCTest.framework; sourceTree = DEVELOPER_DIR; };
		E6AD520D17D39B630041C981 /* UALoggerExampleTests-Info.plist */ = {isa = PBXFileReference; lastKnownFileType = text.plist.xml; path = "UALoggerExampleTests-Info.plist"; sourceTree = "<group>"; };
		E6AD520F17D39B630041C981 /* en */ = {isa = PBXFileReference; lastKnownFileType = text.plist.strings; name = en; path = en.lproj/InfoPlist.strings; sourceTree = "<group>"; };
		E6AD521117D39B630041C981 /* UALoggerExampleTests.m */ = {isa = PBXFileReference; lastKnownFileType = sourcecode.c.objc; path = UALoggerExampleTests.m; sourceTree = "<group>"; };
/* End PBXFileReference section */

/* Begin PBXFrameworksBuildPhase section */
		E6AD51DD17D39B630041C981 /* Frameworks */ = {
			isa = PBXFrameworksBuildPhase;
			buildActionMask = 2147483647;
			files = (
				E6AD51E617D39B630041C981 /* CoreGraphics.framework in Frameworks */,
				E6AD51E817D39B630041C981 /* UIKit.framework in Frameworks */,
				E6AD51E417D39B630041C981 /* Foundation.framework in Frameworks */,
				D9F5700DFAD24C2EAD12061F /* libPods.a in Frameworks */,
			);
			runOnlyForDeploymentPostprocessing = 0;
		};
		E6AD520117D39B630041C981 /* Frameworks */ = {
			isa = PBXFrameworksBuildPhase;
			buildActionMask = 2147483647;
			files = (
				E6AD520617D39B630041C981 /* XCTest.framework in Frameworks */,
				E6AD520817D39B630041C981 /* UIKit.framework in Frameworks */,
				E6AD520717D39B630041C981 /* Foundation.framework in Frameworks */,
			);
			runOnlyForDeploymentPostprocessing = 0;
		};
/* End PBXFrameworksBuildPhase section */

/* Begin PBXGroup section */
		E6AD51D717D39B630041C981 = {
			isa = PBXGroup;
			children = (
				E6AD51E917D39B630041C981 /* UALoggerExample */,
				E6AD520B17D39B630041C981 /* UALoggerExampleTests */,
				E6AD51E217D39B630041C981 /* Frameworks */,
				E6AD51E117D39B630041C981 /* Products */,
				522EB008986A4B4182DEC89E /* Pods.xcconfig */,
			);
			sourceTree = "<group>";
		};
		E6AD51E117D39B630041C981 /* Products */ = {
			isa = PBXGroup;
			children = (
				E6AD51E017D39B630041C981 /* UALoggerExample.app */,
				E6AD520417D39B630041C981 /* UALoggerExampleTests.xctest */,
			);
			name = Products;
			sourceTree = "<group>";
		};
		E6AD51E217D39B630041C981 /* Frameworks */ = {
			isa = PBXGroup;
			children = (
				E6AD51E317D39B630041C981 /* Foundation.framework */,
				E6AD51E517D39B630041C981 /* CoreGraphics.framework */,
				E6AD51E717D39B630041C981 /* UIKit.framework */,
				E6AD520517D39B630041C981 /* XCTest.framework */,
				9DD16CD5040F46BAAA4FD871 /* libPods.a */,
			);
			name = Frameworks;
			sourceTree = "<group>";
		};
		E6AD51E917D39B630041C981 /* UALoggerExample */ = {
			isa = PBXGroup;
			children = (
				E6AD51F217D39B630041C981 /* UAAppDelegate.h */,
				E6AD51F317D39B630041C981 /* UAAppDelegate.m */,
				E6AD51F517D39B630041C981 /* Main_iPhone.storyboard */,
				E6AD51FB17D39B630041C981 /* UAViewController.h */,
				E6AD51FC17D39B630041C981 /* UAViewController.m */,
				E6AD51FE17D39B630041C981 /* Images.xcassets */,
				E6AD51EA17D39B630041C981 /* Supporting Files */,
			);
			path = UALoggerExample;
			sourceTree = "<group>";
		};
		E6AD51EA17D39B630041C981 /* Supporting Files */ = {
			isa = PBXGroup;
			children = (
				E6AD51EB17D39B630041C981 /* UALoggerExample-Info.plist */,
				E6AD51EC17D39B630041C981 /* InfoPlist.strings */,
				E6AD51EF17D39B630041C981 /* main.m */,
				E6AD51F117D39B630041C981 /* UALoggerExample-Prefix.pch */,
			);
			name = "Supporting Files";
			sourceTree = "<group>";
		};
		E6AD520B17D39B630041C981 /* UALoggerExampleTests */ = {
			isa = PBXGroup;
			children = (
				E6AD521117D39B630041C981 /* UALoggerExampleTests.m */,
				E6AD520C17D39B630041C981 /* Supporting Files */,
			);
			path = UALoggerExampleTests;
			sourceTree = "<group>";
		};
		E6AD520C17D39B630041C981 /* Supporting Files */ = {
			isa = PBXGroup;
			children = (
				E6AD520D17D39B630041C981 /* UALoggerExampleTests-Info.plist */,
				E6AD520E17D39B630041C981 /* InfoPlist.strings */,
			);
			name = "Supporting Files";
			sourceTree = "<group>";
		};
/* End PBXGroup section */

/* Begin PBXNativeTarget section */
		E6AD51DF17D39B630041C981 /* UALoggerExample */ = {
			isa = PBXNativeTarget;
			buildConfigurationList = E6AD521517D39B630041C981 /* Build configuration list for PBXNativeTarget "UALoggerExample" */;
			buildPhases = (
				355FF3AABDB34009A3C39A15 /* Check Pods Manifest.lock */,
				E6AD51DC17D39B630041C981 /* Sources */,
				E6AD51DD17D39B630041C981 /* Frameworks */,
				E6AD51DE17D39B630041C981 /* Resources */,
				B5819738017341B082AB6853 /* Copy Pods Resources */,
			);
			buildRules = (
			);
			dependencies = (
			);
			name = UALoggerExample;
			productName = UALoggerExample;
			productReference = E6AD51E017D39B630041C981 /* UALoggerExample.app */;
			productType = "com.apple.product-type.application";
		};
		E6AD520317D39B630041C981 /* UALoggerExampleTests */ = {
			isa = PBXNativeTarget;
			buildConfigurationList = E6AD521817D39B630041C981 /* Build configuration list for PBXNativeTarget "UALoggerExampleTests" */;
			buildPhases = (
				E6AD520017D39B630041C981 /* Sources */,
				E6AD520117D39B630041C981 /* Frameworks */,
				E6AD520217D39B630041C981 /* Resources */,
			);
			buildRules = (
			);
			dependencies = (
				E6AD520A17D39B630041C981 /* PBXTargetDependency */,
			);
			name = UALoggerExampleTests;
			productName = UALoggerExampleTests;
			productReference = E6AD520417D39B630041C981 /* UALoggerExampleTests.xctest */;
			productType = "com.apple.product-type.bundle.unit-test";
		};
/* End PBXNativeTarget section */

/* Begin PBXProject section */
		E6AD51D817D39B630041C981 /* Project object */ = {
			isa = PBXProject;
			attributes = {
				CLASSPREFIX = UA;
				LastUpgradeCheck = 0500;
				ORGANIZATIONNAME = "Urban Apps";
				TargetAttributes = {
					E6AD520317D39B630041C981 = {
						TestTargetID = E6AD51DF17D39B630041C981;
					};
				};
			};
			buildConfigurationList = E6AD51DB17D39B630041C981 /* Build configuration list for PBXProject "UALoggerExample" */;
			compatibilityVersion = "Xcode 3.2";
			developmentRegion = English;
			hasScannedForEncodings = 0;
			knownRegions = (
				en,
				Base,
			);
			mainGroup = E6AD51D717D39B630041C981;
			productRefGroup = E6AD51E117D39B630041C981 /* Products */;
			projectDirPath = "";
			projectRoot = "";
			targets = (
				E6AD51DF17D39B630041C981 /* UALoggerExample */,
				E6AD520317D39B630041C981 /* UALoggerExampleTests */,
			);
		};
/* End PBXProject section */

/* Begin PBXResourcesBuildPhase section */
		E6AD51DE17D39B630041C981 /* Resources */ = {
			isa = PBXResourcesBuildPhase;
			buildActionMask = 2147483647;
			files = (
				E6AD51FF17D39B630041C981 /* Images.xcassets in Resources */,
				E6AD51F717D39B630041C981 /* Main_iPhone.storyboard in Resources */,
				E6AD51EE17D39B630041C981 /* InfoPlist.strings in Resources */,
			);
			runOnlyForDeploymentPostprocessing = 0;
		};
		E6AD520217D39B630041C981 /* Resources */ = {
			isa = PBXResourcesBuildPhase;
			buildActionMask = 2147483647;
			files = (
				E6AD521017D39B630041C981 /* InfoPlist.strings in Resources */,
			);
			runOnlyForDeploymentPostprocessing = 0;
		};
/* End PBXResourcesBuildPhase section */

/* Begin PBXShellScriptBuildPhase section */
		355FF3AABDB34009A3C39A15 /* Check Pods Manifest.lock */ = {
			isa = PBXShellScriptBuildPhase;
			buildActionMask = 2147483647;
			files = (
			);
			inputPaths = (
			);
			name = "Check Pods Manifest.lock";
			outputPaths = (
			);
			runOnlyForDeploymentPostprocessing = 0;
			shellPath = /bin/sh;
			shellScript = "diff \"${PODS_ROOT}/../Podfile.lock\" \"${PODS_ROOT}/Manifest.lock\" > /dev/null\nif [[ $? != 0 ]] ; then\n    cat << EOM\nerror: The sandbox is not in sync with the Podfile.lock. Run 'pod install' or update your CocoaPods installation.\nEOM\n    exit 1\nfi\n";
			showEnvVarsInLog = 0;
		};
		B5819738017341B082AB6853 /* Copy Pods Resources */ = {
			isa = PBXShellScriptBuildPhase;
			buildActionMask = 2147483647;
			files = (
			);
			inputPaths = (
			);
			name = "Copy Pods Resources";
			outputPaths = (
			);
			runOnlyForDeploymentPostprocessing = 0;
			shellPath = /bin/sh;
			shellScript = "\"${SRCROOT}/Pods/Pods-resources.sh\"\n";
			showEnvVarsInLog = 0;
		};
/* End PBXShellScriptBuildPhase section */

/* Begin PBXSourcesBuildPhase section */
		E6AD51DC17D39B630041C981 /* Sources */ = {
			isa = PBXSourcesBuildPhase;
			buildActionMask = 2147483647;
			files = (
				E6AD51F417D39B630041C981 /* UAAppDelegate.m in Sources */,
				E6AD51F017D39B630041C981 /* main.m in Sources */,
				E6AD51FD17D39B630041C981 /* UAViewController.m in Sources */,
			);
			runOnlyForDeploymentPostprocessing = 0;
		};
		E6AD520017D39B630041C981 /* Sources */ = {
			isa = PBXSourcesBuildPhase;
			buildActionMask = 2147483647;
			files = (
				E6AD521217D39B630041C981 /* UALoggerExampleTests.m in Sources */,
			);
			runOnlyForDeploymentPostprocessing = 0;
		};
/* End PBXSourcesBuildPhase section */

/* Begin PBXTargetDependency section */
		E6AD520A17D39B630041C981 /* PBXTargetDependency */ = {
			isa = PBXTargetDependency;
			target = E6AD51DF17D39B630041C981 /* UALoggerExample */;
			targetProxy = E6AD520917D39B630041C981 /* PBXContainerItemProxy */;
		};
/* End PBXTargetDependency section */

/* Begin PBXVariantGroup section */
		E6AD51EC17D39B630041C981 /* InfoPlist.strings */ = {
			isa = PBXVariantGroup;
			children = (
				E6AD51ED17D39B630041C981 /* en */,
			);
			name = InfoPlist.strings;
			sourceTree = "<group>";
		};
		E6AD51F517D39B630041C981 /* Main_iPhone.storyboard */ = {
			isa = PBXVariantGroup;
			children = (
				E69A694E17D4BBA700C3EDBC /* en */,
			);
			name = Main_iPhone.storyboard;
			sourceTree = "<group>";
		};
		E6AD520E17D39B630041C981 /* InfoPlist.strings */ = {
			isa = PBXVariantGroup;
			children = (
				E6AD520F17D39B630041C981 /* en */,
			);
			name = InfoPlist.strings;
			sourceTree = "<group>";
		};
/* End PBXVariantGroup section */

/* Begin XCBuildConfiguration section */
		E6AD521317D39B630041C981 /* Debug */ = {
			isa = XCBuildConfiguration;
			buildSettings = {
				ALWAYS_SEARCH_USER_PATHS = NO;
				CLANG_CXX_LANGUAGE_STANDARD = "gnu++0x";
				CLANG_CXX_LIBRARY = "libc++";
				CLANG_ENABLE_MODULES = YES;
				CLANG_ENABLE_OBJC_ARC = YES;
				CLANG_WARN_BOOL_CONVERSION = YES;
				CLANG_WARN_CONSTANT_CONVERSION = YES;
				CLANG_WARN_DIRECT_OBJC_ISA_USAGE = YES_ERROR;
				CLANG_WARN_EMPTY_BODY = YES;
				CLANG_WARN_ENUM_CONVERSION = YES;
				CLANG_WARN_INT_CONVERSION = YES;
				CLANG_WARN_OBJC_ROOT_CLASS = YES_ERROR;
				CLANG_WARN__DUPLICATE_METHOD_MATCH = YES;
				"CODE_SIGN_IDENTITY[sdk=iphoneos*]" = "iPhone Developer";
				COPY_PHASE_STRIP = NO;
				GCC_C_LANGUAGE_STANDARD = gnu99;
				GCC_DYNAMIC_NO_PIC = NO;
				GCC_OPTIMIZATION_LEVEL = 0;
				GCC_PREPROCESSOR_DEFINITIONS = (
					"DEBUG=1",
					"$(inherited)",
				);
				GCC_SYMBOLS_PRIVATE_EXTERN = NO;
				GCC_WARN_ABOUT_RETURN_TYPE = YES_ERROR;
				GCC_WARN_UNDECLARED_SELECTOR = YES;
				GCC_WARN_UNINITIALIZED_AUTOS = YES;
				GCC_WARN_UNUSED_FUNCTION = YES;
				GCC_WARN_UNUSED_VARIABLE = YES;
				IPHONEOS_DEPLOYMENT_TARGET = 7.0;
				ONLY_ACTIVE_ARCH = YES;
				SDKROOT = iphoneos;
				TARGETED_DEVICE_FAMILY = "1,2";
			};
			name = Debug;
		};
		E6AD521417D39B630041C981 /* Release */ = {
			isa = XCBuildConfiguration;
			buildSettings = {
				ALWAYS_SEARCH_USER_PATHS = NO;
				CLANG_CXX_LANGUAGE_STANDARD = "gnu++0x";
				CLANG_CXX_LIBRARY = "libc++";
				CLANG_ENABLE_MODULES = YES;
				CLANG_ENABLE_OBJC_ARC = YES;
				CLANG_WARN_BOOL_CONVERSION = YES;
				CLANG_WARN_CONSTANT_CONVERSION = YES;
				CLANG_WARN_DIRECT_OBJC_ISA_USAGE = YES_ERROR;
				CLANG_WARN_EMPTY_BODY = YES;
				CLANG_WARN_ENUM_CONVERSION = YES;
				CLANG_WARN_INT_CONVERSION = YES;
				CLANG_WARN_OBJC_ROOT_CLASS = YES_ERROR;
				CLANG_WARN__DUPLICATE_METHOD_MATCH = YES;
				"CODE_SIGN_IDENTITY[sdk=iphoneos*]" = "iPhone Developer";
				COPY_PHASE_STRIP = YES;
				ENABLE_NS_ASSERTIONS = NO;
				GCC_C_LANGUAGE_STANDARD = gnu99;
				GCC_WARN_ABOUT_RETURN_TYPE = YES_ERROR;
				GCC_WARN_UNDECLARED_SELECTOR = YES;
				GCC_WARN_UNINITIALIZED_AUTOS = YES;
				GCC_WARN_UNUSED_FUNCTION = YES;
				GCC_WARN_UNUSED_VARIABLE = YES;
				IPHONEOS_DEPLOYMENT_TARGET = 7.0;
				SDKROOT = iphoneos;
				TARGETED_DEVICE_FAMILY = "1,2";
				VALIDATE_PRODUCT = YES;
			};
			name = Release;
		};
		E6AD521617D39B630041C981 /* Debug */ = {
			isa = XCBuildConfiguration;
			baseConfigurationReference = 522EB008986A4B4182DEC89E /* Pods.xcconfig */;
			buildSettings = {
				ASSETCATALOG_COMPILER_APPICON_NAME = AppIcon;
				ASSETCATALOG_COMPILER_LAUNCHIMAGE_NAME = LaunchImage;
				GCC_PRECOMPILE_PREFIX_HEADER = YES;
				GCC_PREFIX_HEADER = "UALoggerExample/UALoggerExample-Prefix.pch";
				GCC_PREPROCESSOR_DEFINITIONS = (
					"$(inherited)",
					"COCOAPODS=1",
					UALOGGER_SWIZZLE_NSLOG,
				);
				INFOPLIST_FILE = "UALoggerExample/UALoggerExample-Info.plist";
				IPHONEOS_DEPLOYMENT_TARGET = 5.0;
				PRODUCT_NAME = "$(TARGET_NAME)";
				TARGETED_DEVICE_FAMILY = 1;
				WRAPPER_EXTENSION = app;
			};
			name = Debug;
		};
		E6AD521717D39B630041C981 /* Release */ = {
			isa = XCBuildConfiguration;
			baseConfigurationReference = 522EB008986A4B4182DEC89E /* Pods.xcconfig */;
			buildSettings = {
				ASSETCATALOG_COMPILER_APPICON_NAME = AppIcon;
				ASSETCATALOG_COMPILER_LAUNCHIMAGE_NAME = LaunchImage;
				GCC_PRECOMPILE_PREFIX_HEADER = YES;
				GCC_PREFIX_HEADER = "UALoggerExample/UALoggerExample-Prefix.pch";
				INFOPLIST_FILE = "UALoggerExample/UALoggerExample-Info.plist";
				IPHONEOS_DEPLOYMENT_TARGET = 5.0;
				PRODUCT_NAME = "$(TARGET_NAME)";
				TARGETED_DEVICE_FAMILY = 1;
				WRAPPER_EXTENSION = app;
			};
			name = Release;
		};
		E6AD521917D39B630041C981 /* Debug */ = {
			isa = XCBuildConfiguration;
			buildSettings = {
				BUNDLE_LOADER = "$(BUILT_PRODUCTS_DIR)/UALoggerExample.app/UALoggerExample";
				FRAMEWORK_SEARCH_PATHS = (
					"$(SDKROOT)/Developer/Library/Frameworks",
					"$(inherited)",
					"$(DEVELOPER_FRAMEWORKS_DIR)",
				);
				GCC_PRECOMPILE_PREFIX_HEADER = YES;
				GCC_PREFIX_HEADER = "UALoggerExample/UALoggerExample-Prefix.pch";
				GCC_PREPROCESSOR_DEFINITIONS = (
					"DEBUG=1",
					"$(inherited)",
				);
				INFOPLIST_FILE = "UALoggerExampleTests/UALoggerExampleTests-Info.plist";
				PRODUCT_NAME = "$(TARGET_NAME)";
				TEST_HOST = "$(BUNDLE_LOADER)";
				WRAPPER_EXTENSION = xctest;
			};
			name = Debug;
		};
		E6AD521A17D39B630041C981 /* Release */ = {
			isa = XCBuildConfiguration;
			buildSettings = {
				BUNDLE_LOADER = "$(BUILT_PRODUCTS_DIR)/UALoggerExample.app/UALoggerExample";
				FRAMEWORK_SEARCH_PATHS = (
					"$(SDKROOT)/Developer/Library/Frameworks",
					"$(inherited)",
					"$(DEVELOPER_FRAMEWORKS_DIR)",
				);
				GCC_PRECOMPILE_PREFIX_HEADER = YES;
				GCC_PREFIX_HEADER = "UALoggerExample/UALoggerExample-Prefix.pch";
				INFOPLIST_FILE = "UALoggerExampleTests/UALoggerExampleTests-Info.plist";
				PRODUCT_NAME = "$(TARGET_NAME)";
				TEST_HOST = "$(BUNDLE_LOADER)";
				WRAPPER_EXTENSION = xctest;
			};
			name = Release;
		};
/* End XCBuildConfiguration section */

/* Begin XCConfigurationList section */
		E6AD51DB17D39B630041C981 /* Build configuration list for PBXProject "UALoggerExample" */ = {
			isa = XCConfigurationList;
			buildConfigurations = (
				E6AD521317D39B630041C981 /* Debug */,
				E6AD521417D39B630041C981 /* Release */,
			);
			defaultConfigurationIsVisible = 0;
			defaultConfigurationName = Release;
		};
		E6AD521517D39B630041C981 /* Build configuration list for PBXNativeTarget "UALoggerExample" */ = {
			isa = XCConfigurationList;
			buildConfigurations = (
				E6AD521617D39B630041C981 /* Debug */,
				E6AD521717D39B630041C981 /* Release */,
			);
			defaultConfigurationIsVisible = 0;
			defaultConfigurationName = Release;
		};
		E6AD521817D39B630041C981 /* Build configuration list for PBXNativeTarget "UALoggerExampleTests" */ = {
			isa = XCConfigurationList;
			buildConfigurations = (
				E6AD521917D39B630041C981 /* Debug */,
				E6AD521A17D39B630041C981 /* Release */,
			);
			defaultConfigurationIsVisible = 0;
			defaultConfigurationName = Release;
		};
/* End XCConfigurationList section */
	};
	rootObject = E6AD51D817D39B630041C981 /* Project object */;
}
